<?xml version="1.0" encoding="utf-8"?>
<Project ToolsVersion="4.0" xmlns="http://schemas.microsoft.com/developer/msbuild/2003">
  <ItemGroup>
    <Filter Include="Source Files">
      <UniqueIdentifier>{4FC737F1-C7A5-4376-A066-2A32D752A2FF}</UniqueIdentifier>
      <Extensions>cpp;c;cc;cxx;c++;cppm;ixx;def;odl;idl;hpj;bat;asm;asmx</Extensions>
    </Filter>
    <Filter Include="Header Files">
      <UniqueIdentifier>{93995380-89BD-4b04-88EB-625FBE52EBFB}</UniqueIdentifier>
      <Extensions>h;hh;hpp;hxx;h++;hm;inl;inc;ipp;xsd</Extensions>
    </Filter>
    <Filter Include="Resource Files">
      <UniqueIdentifier>{67DA6AB6-F800-4c08-8B7A-83BB121AAD01}</UniqueIdentifier>
      <Extensions>rc;ico;cur;bmp;dlg;rc2;rct;bin;rgs;gif;jpg;jpeg;jpe;resx;tiff;tif;png;wav;mfcribbon-ms</Extensions>
    </Filter>
    <Filter Include="Libraries">
      <UniqueIdentifier>{1c7e494a-aab8-4cb5-85b7-32ec6b66811a}</UniqueIdentifier>
    </Filter>
    <Filter Include="Libraries\LCD">
      <UniqueIdentifier>{319ed542-f810-4693-8a84-7f9f2982c459}</UniqueIdentifier>
    </Filter>
    <Filter Include="Libraries\DearImGui">
      <UniqueIdentifier>{2f1de78c-528c-4332-b24d-7dfd065fdca8}</UniqueIdentifier>
    </Filter>
  </ItemGroup>
  <ItemGroup>
    <ClCompile Include="src\main.cpp">
      <Filter>Source Files</Filter>
    </ClCompile>
    <ClCompile Include="src\TwitterLCD.cpp">
      <Filter>Source Files</Filter>
    </ClCompile>
    <ClCompile Include="src\DisplayMartin.cpp">
      <Filter>Source Files</Filter>
    </ClCompile>
    <ClCompile Include="lib\LCD\LCDError.cpp">
      <Filter>Libraries\LCD</Filter>
    </ClCompile>
    <ClCompile Include="src\Gui.cpp">
      <Filter>Source Files</Filter>
    </ClCompile>
    <ClCompile Include="lib\ImGui\imgui.cpp">
      <Filter>Libraries\DearImGui</Filter>
    </ClCompile>
    <ClCompile Include="lib\ImGui\imgui_demo.cpp">
      <Filter>Libraries\DearImGui</Filter>
    </ClCompile>
    <ClCompile Include="lib\ImGui\imgui_draw.cpp">
      <Filter>Libraries\DearImGui</Filter>
    </ClCompile>
    <ClCompile Include="lib\ImGui\imgui_impl_allegro5.cpp">
      <Filter>Libraries\DearImGui</Filter>
    </ClCompile>
    <ClCompile Include="lib\ImGui\imgui_tables.cpp">
      <Filter>Libraries\DearImGui</Filter>
    </ClCompile>
    <ClCompile Include="lib\ImGui\imgui_widgets.cpp">
      <Filter>Libraries\DearImGui</Filter>
    </ClCompile>
    <ClCompile Include="src\DisplaySofi.cpp">
      <Filter>Source Files</Filter>
    </ClCompile>
  </ItemGroup>
  <ItemGroup>
    <ClInclude Include="src\TwitterLCD.h">
      <Filter>Header Files</Filter>
    </ClInclude>
    <ClInclude Include="src\DisplayMartin.hpp">
      <Filter>Header Files</Filter>
    </ClInclude>
    <ClInclude Include="lib\LCD\LCDError.h">
      <Filter>Libraries\LCD</Filter>
    </ClInclude>
    <ClInclude Include="lib\LCD\LCD.h">
      <Filter>Libraries\LCD</Filter>
    </ClInclude>
    <ClInclude Include="src\Gui.h">
      <Filter>Header Files</Filter>
    </ClInclude>
    <ClInclude Include="lib\ImGui\imconfig.h">
      <Filter>Libraries\DearImGui</Filter>
    </ClInclude>
    <ClInclude Include="lib\ImGui\imgui.h">
      <Filter>Libraries\DearImGui</Filter>
    </ClInclude>
    <ClInclude Include="lib\ImGui\imgui_impl_allegro5.h">
      <Filter>Libraries\DearImGui</Filter>
    </ClInclude>
    <ClInclude Include="lib\ImGui\imgui_internal.h">
      <Filter>Libraries\DearImGui</Filter>
    </ClInclude>
    <ClInclude Include="lib\ImGui\imstb_rectpack.h">
      <Filter>Libraries\DearImGui</Filter>
    </ClInclude>
    <ClInclude Include="lib\ImGui\imstb_textedit.h">
      <Filter>Libraries\DearImGui</Filter>
    </ClInclude>
    <ClInclude Include="lib\ImGui\imstb_truetype.h">
      <Filter>Libraries\DearImGui</Filter>
    </ClInclude>
    <ClInclude Include="src\DisplaySofi.h">
      <Filter>Header Files</Filter>
    </ClInclude>
  </ItemGroup>
</Project>